
Microsoft Visual Studio Solution File, Format Version 12.00
# Visual Studio Version 17
VisualStudioVersion = 17.0.32014.148
MinimumVisualStudioVersion = 10.0.40219.1
Project("{FAE04EC0-301F-11D3-BF4B-00C04F79EFBC}") = "Lesson34", "Lesson34\Lesson34.csproj", "{EE3229EF-6617-483E-AA02-37BD0D89380A}"
EndProject
Global
	GlobalSection(SolutionConfigurationPlatforms) = preSolution
		Debug|Any CPU = Debug|Any CPU
		Release|Any CPU = Release|Any CPU
	EndGlobalSection
	GlobalSection(ProjectConfigurationPlatforms) = postSolution
		{EE3229EF-6617-483E-AA02-37BD0D89380A}.Debug|Any CPU.ActiveCfg = Debug|Any CPU
		{EE3229EF-6617-483E-AA02-37BD0D89380A}.Debug|Any CPU.Build.0 = Debug|Any CPU
		{EE3229EF-6617-483E-AA02-37BD0D89380A}.Release|Any CPU.ActiveCfg = Release|Any CPU
		{EE3229EF-6617-483E-AA02-37BD0D89380A}.Release|Any CPU.Build.0 = Release|Any CPU
	EndGlobalSection
	GlobalSection(SolutionProperties) = preSolution
		HideSolutionNode = FALSE
	EndGlobalSection
	GlobalSection(ExtensibilityGlobals) = postSolution
		SolutionGuid = {09636F3E-4E76-42C9-984C-33A8E62ECF74}
	EndGlobalSection
EndGlobal
